
Microsoft Visual Studio Solution File, Format Version 12.00
# Visual Studio Version 17
VisualStudioVersion = 17.13.35806.99 d17.13
MinimumVisualStudioVersion = 10.0.40219.1
Project("{FAE04EC0-301F-11D3-BF4B-00C04F79EFBC}") = "RuleChange", "RuleChange\RuleChange.csproj", "{37275453-A679-48D4-B450-CB3DFAB8EBB8}"
EndProject
Global
	GlobalSection(SolutionConfigurationPlatforms) = preSolution
		Debug|Any CPU = Debug|Any CPU
		Release|Any CPU = Release|Any CPU
	EndGlobalSection
	GlobalSection(ProjectConfigurationPlatforms) = postSolution
		{37275453-A679-48D4-B450-CB3DFAB8EBB8}.Debug|Any CPU.ActiveCfg = Debug|Any CPU
		{37275453-A679-48D4-B450-CB3DFAB8EBB8}.Debug|Any CPU.Build.0 = Debug|Any CPU
		{37275453-A679-48D4-B450-CB3DFAB8EBB8}.Release|Any CPU.ActiveCfg = Release|Any CPU
		{37275453-A679-48D4-B450-CB3DFAB8EBB8}.Release|Any CPU.Build.0 = Release|Any CPU
	EndGlobalSection
	GlobalSection(SolutionProperties) = preSolution
		HideSolutionNode = FALSE
	EndGlobalSection
	GlobalSection(ExtensibilityGlobals) = postSolution
		SolutionGuid = {231DFA84-8DA3-40A9-A44D-AB72C2C02FE6}
	EndGlobalSection
EndGlobal
