
Microsoft Visual Studio Solution File, Format Version 12.00
# Visual Studio Version 17
VisualStudioVersion = 17.3.32929.385
MinimumVisualStudioVersion = 10.0.40219.1
Project("{FAE04EC0-301F-11D3-BF4B-00C04F79EFBC}") = "Beta", "Beta.csproj", "{A26C74C3-A65B-47C4-A061-F2D22DFA6355}"
EndProject
Global
	GlobalSection(SolutionConfigurationPlatforms) = preSolution
		Debug|Any CPU = Debug|Any CPU
		Release|Any CPU = Release|Any CPU
	EndGlobalSection
	GlobalSection(ProjectConfigurationPlatforms) = postSolution
		{A26C74C3-A65B-47C4-A061-F2D22DFA6355}.Debug|Any CPU.ActiveCfg = Debug|Any CPU
		{A26C74C3-A65B-47C4-A061-F2D22DFA6355}.Debug|Any CPU.Build.0 = Debug|Any CPU
		{A26C74C3-A65B-47C4-A061-F2D22DFA6355}.Release|Any CPU.ActiveCfg = Release|Any CPU
		{A26C74C3-A65B-47C4-A061-F2D22DFA6355}.Release|Any CPU.Build.0 = Release|Any CPU
	EndGlobalSection
	GlobalSection(SolutionProperties) = preSolution
		HideSolutionNode = FALSE
	EndGlobalSection
	GlobalSection(ExtensibilityGlobals) = postSolution
		SolutionGuid = {BBBC4FE3-4039-469F-9BDE-9EE80F0F57FA}
	EndGlobalSection
EndGlobal
